
Microsoft Visual Studio Solution File, Format Version 12.00
# Visual Studio 15
VisualStudioVersion = 15.0.28307.572
MinimumVisualStudioVersion = 10.0.40219.1
Project("{FAE04EC0-301F-11D3-BF4B-00C04F79EFBC}") = "chard1", "chard1\chard1.csproj", "{5C9DC55C-7F37-40F9-9771-1F8FA55DFC20}"
EndProject
Global
	GlobalSection(SolutionConfigurationPlatforms) = preSolution
		Debug|Any CPU = Debug|Any CPU
		Release|Any CPU = Release|Any CPU
	EndGlobalSection
	GlobalSection(ProjectConfigurationPlatforms) = postSolution
		{5C9DC55C-7F37-40F9-9771-1F8FA55DFC20}.Debug|Any CPU.ActiveCfg = Debug|Any CPU
		{5C9DC55C-7F37-40F9-9771-1F8FA55DFC20}.Debug|Any CPU.Build.0 = Debug|Any CPU
		{5C9DC55C-7F37-40F9-9771-1F8FA55DFC20}.Release|Any CPU.ActiveCfg = Release|Any CPU
		{5C9DC55C-7F37-40F9-9771-1F8FA55DFC20}.Release|Any CPU.Build.0 = Release|Any CPU
	EndGlobalSection
	GlobalSection(SolutionProperties) = preSolution
		HideSolutionNode = FALSE
	EndGlobalSection
	GlobalSection(ExtensibilityGlobals) = postSolution
		SolutionGuid = {3996AA28-CA38-494F-B315-39A733A6DA76}
	EndGlobalSection
EndGlobal
